
Microsoft Visual Studio Solution File, Format Version 12.00
# Visual Studio Version 16
VisualStudioVersion = 16.0.28729.10
MinimumVisualStudioVersion = 10.0.40219.1
Project("{F184B08F-C81C-45F6-A57F-5ABD9991F28F}") = "VTS", "VTS[4.7]\VTS.vbproj", "{B07E5348-DF0D-417E-A718-6C2E27909B1F}"
EndProject
Project("{54435603-DBB4-11D2-8724-00A0C9A8B90C}") = "VtsSetup", "VtsSetup\VtsSetup.vdproj", "{92B9A698-531A-4300-B766-3A03ABC9E000}"
EndProject
Global
	GlobalSection(SolutionConfigurationPlatforms) = preSolution
		Debug|Any CPU = Debug|Any CPU
		Release|Any CPU = Release|Any CPU
	EndGlobalSection
	GlobalSection(ProjectConfigurationPlatforms) = postSolution
		{B07E5348-DF0D-417E-A718-6C2E27909B1F}.Debug|Any CPU.ActiveCfg = Debug|Any CPU
		{B07E5348-DF0D-417E-A718-6C2E27909B1F}.Debug|Any CPU.Build.0 = Debug|Any CPU
		{B07E5348-DF0D-417E-A718-6C2E27909B1F}.Release|Any CPU.ActiveCfg = Release|Any CPU
		{B07E5348-DF0D-417E-A718-6C2E27909B1F}.Release|Any CPU.Build.0 = Release|Any CPU
		{92B9A698-531A-4300-B766-3A03ABC9E000}.Debug|Any CPU.ActiveCfg = Debug
		{92B9A698-531A-4300-B766-3A03ABC9E000}.Release|Any CPU.ActiveCfg = Release
	EndGlobalSection
	GlobalSection(SolutionProperties) = preSolution
		HideSolutionNode = FALSE
	EndGlobalSection
	GlobalSection(ExtensibilityGlobals) = postSolution
		SolutionGuid = {B8762A58-9C43-4C57-912A-921F6FE9CC54}
	EndGlobalSection
EndGlobal
